// !$*UTF8*$!
{
	archiveVersion = 1;
	classes = {
	};
	objectVersion = 56;
	objects = {

/* Begin PBXBuildFile section */
		836452962B489C73006B7298 /* CheerifyApp.swift in Sources */ = {isa = PBXBuildFile; fileRef = 836452952B489C73006B7298 /* CheerifyApp.swift */; };
		836452982B489C73006B7298 /* ContentView.swift in Sources */ = {isa = PBXBuildFile; fileRef = 836452972B489C73006B7298 /* ContentView.swift */; };
		8364529A2B489C74006B7298 /* Assets.xcassets in Resources */ = {isa = PBXBuildFile; fileRef = 836452992B489C74006B7298 /* Assets.xcassets */; };
		8364529D2B489C74006B7298 /* Preview Assets.xcassets in Resources */ = {isa = PBXBuildFile; fileRef = 8364529C2B489C74006B7298 /* Preview Assets.xcassets */; };
		836452A72B489C74006B7298 /* CheerifyTests.swift in Sources */ = {isa = PBXBuildFile; fileRef = 836452A62B489C74006B7298 /* CheerifyTests.swift */; };
		836452B12B489C74006B7298 /* CheerifyUITests.swift in Sources */ = {isa = PBXBuildFile; fileRef = 836452B02B489C74006B7298 /* CheerifyUITests.swift */; };
		836452B32B489C74006B7298 /* CheerifyUITestsLaunchTests.swift in Sources */ = {isa = PBXBuildFile; fileRef = 836452B22B489C74006B7298 /* CheerifyUITestsLaunchTests.swift */; };
/* End PBXBuildFile section */

/* Begin PBXContainerItemProxy section */
		836452A32B489C74006B7298 /* PBXContainerItemProxy */ = {
			isa = PBXContainerItemProxy;
			containerPortal = 8364528A2B489C73006B7298 /* Project object */;
			proxyType = 1;
			remoteGlobalIDString = 836452912B489C73006B7298;
			remoteInfo = Cheerify;
		};
		836452AD2B489C74006B7298 /* PBXContainerItemProxy */ = {
			isa = PBXContainerItemProxy;
			containerPortal = 8364528A2B489C73006B7298 /* Project object */;
			proxyType = 1;
			remoteGlobalIDString = 836452912B489C73006B7298;
			remoteInfo = Cheerify;
		};
/* End PBXContainerItemProxy section */

/* Begin PBXFileReference section */
		836452922B489C73006B7298 /* Cheerify.app */ = {isa = PBXFileReference; explicitFileType = wrapper.application; includeInIndex = 0; path = Cheerify.app; sourceTree = BUILT_PRODUCTS_DIR; };
		836452952B489C73006B7298 /* CheerifyApp.swift */ = {isa = PBXFileReference; lastKnownFileType = sourcecode.swift; path = CheerifyApp.swift; sourceTree = "<group>"; };
		836452972B489C73006B7298 /* ContentView.swift */ = {isa = PBXFileReference; lastKnownFileType = sourcecode.swift; path = ContentView.swift; sourceTree = "<group>"; };
		836452992B489C74006B7298 /* Assets.xcassets */ = {isa = PBXFileReference; lastKnownFileType = folder.assetcatalog; path = Assets.xcassets; sourceTree = "<group>"; };
		8364529C2B489C74006B7298 /* Preview Assets.xcassets */ = {isa = PBXFileReference; lastKnownFileType = folder.assetcatalog; path = "Preview Assets.xcassets"; sourceTree = "<group>"; };
		836452A22B489C74006B7298 /* CheerifyTests.xctest */ = {isa = PBXFileReference; explicitFileType = wrapper.cfbundle; includeInIndex = 0; path = CheerifyTests.xctest; sourceTree = BUILT_PRODUCTS_DIR; };
		836452A62B489C74006B7298 /* CheerifyTests.swift */ = {isa = PBXFileReference; lastKnownFileType = sourcecode.swift; path = CheerifyTests.swift; sourceTree = "<group>"; };
		836452AC2B489C74006B7298 /* CheerifyUITests.xctest */ = {isa = PBXFileReference; explicitFileType = wrapper.cfbundle; includeInIndex = 0; path = CheerifyUITests.xctest; sourceTree = BUILT_PRODUCTS_DIR; };
		836452B02B489C74006B7298 /* CheerifyUITests.swift */ = {isa = PBXFileReference; lastKnownFileType = sourcecode.swift; path = CheerifyUITests.swift; sourceTree = "<group>"; };
		836452B22B489C74006B7298 /* CheerifyUITestsLaunchTests.swift */ = {isa = PBXFileReference; lastKnownFileType = sourcecode.swift; path = CheerifyUITestsLaunchTests.swift; sourceTree = "<group>"; };
/* End PBXFileReference section */

/* Begin PBXFrameworksBuildPhase section */
		8364528F2B489C73006B7298 /* Frameworks */ = {
			isa = PBXFrameworksBuildPhase;
			buildActionMask = 2147483647;
			files = (
			);
			runOnlyForDeploymentPostprocessing = 0;
		};
		8364529F2B489C74006B7298 /* Frameworks */ = {
			isa = PBXFrameworksBuildPhase;
			buildActionMask = 2147483647;
			files = (
			);
			runOnlyForDeploymentPostprocessing = 0;
		};
		836452A92B489C74006B7298 /* Frameworks */ = {
			isa = PBXFrameworksBuildPhase;
			buildActionMask = 2147483647;
			files = (
			);
			runOnlyForDeploymentPostprocessing = 0;
		};
/* End PBXFrameworksBuildPhase section */

/* Begin PBXGroup section */
		836452892B489C73006B7298 = {
			isa = PBXGroup;
			children = (
				836452942B489C73006B7298 /* Cheerify */,
				836452A52B489C74006B7298 /* CheerifyTests */,
				836452AF2B489C74006B7298 /* CheerifyUITests */,
				836452932B489C73006B7298 /* Products */,
			);
			sourceTree = "<group>";
		};
		836452932B489C73006B7298 /* Products */ = {
			isa = PBXGroup;
			children = (
				836452922B489C73006B7298 /* Cheerify.app */,
				836452A22B489C74006B7298 /* CheerifyTests.xctest */,
				836452AC2B489C74006B7298 /* CheerifyUITests.xctest */,
			);
			name = Products;
			sourceTree = "<group>";
		};
		836452942B489C73006B7298 /* Cheerify */ = {
			isa = PBXGroup;
			children = (
				836452952B489C73006B7298 /* CheerifyApp.swift */,
				836452972B489C73006B7298 /* ContentView.swift */,
				836452992B489C74006B7298 /* Assets.xcassets */,
				8364529B2B489C74006B7298 /* Preview Content */,
			);
			path = Cheerify;
			sourceTree = "<group>";
		};
		8364529B2B489C74006B7298 /* Preview Content */ = {
			isa = PBXGroup;
			children = (
				8364529C2B489C74006B7298 /* Preview Assets.xcassets */,
			);
			path = "Preview Content";
			sourceTree = "<group>";
		};
		836452A52B489C74006B7298 /* CheerifyTests */ = {
			isa = PBXGroup;
			children = (
				836452A62B489C74006B7298 /* CheerifyTests.swift */,
			);
			path = CheerifyTests;
			sourceTree = "<group>";
		};
		836452AF2B489C74006B7298 /* CheerifyUITests */ = {
			isa = PBXGroup;
			children = (
				836452B02B489C74006B7298 /* CheerifyUITests.swift */,
				836452B22B489C74006B7298 /* CheerifyUITestsLaunchTests.swift */,
			);
			path = CheerifyUITests;
			sourceTree = "<group>";
		};
/* End PBXGroup section */

/* Begin PBXNativeTarget section */
		836452912B489C73006B7298 /* Cheerify */ = {
			isa = PBXNativeTarget;
			buildConfigurationList = 836452B62B489C74006B7298 /* Build configuration list for PBXNativeTarget "Cheerify" */;
			buildPhases = (
				8364528E2B489C73006B7298 /* Sources */,
				8364528F2B489C73006B7298 /* Frameworks */,
				836452902B489C73006B7298 /* Resources */,
			);
			buildRules = (
			);
			dependencies = (
			);
			name = Cheerify;
			productName = Cheerify;
			productReference = 836452922B489C73006B7298 /* Cheerify.app */;
			productType = "com.apple.product-type.application";
		};
		836452A12B489C74006B7298 /* CheerifyTests */ = {
			isa = PBXNativeTarget;
			buildConfigurationList = 836452B92B489C74006B7298 /* Build configuration list for PBXNativeTarget "CheerifyTests" */;
			buildPhases = (
				8364529E2B489C74006B7298 /* Sources */,
				8364529F2B489C74006B7298 /* Frameworks */,
				836452A02B489C74006B7298 /* Resources */,
			);
			buildRules = (
			);
			dependencies = (
				836452A42B489C74006B7298 /* PBXTargetDependency */,
			);
			name = CheerifyTests;
			productName = CheerifyTests;
			productReference = 836452A22B489C74006B7298 /* CheerifyTests.xctest */;
			productType = "com.apple.product-type.bundle.unit-test";
		};
		836452AB2B489C74006B7298 /* CheerifyUITests */ = {
			isa = PBXNativeTarget;
			buildConfigurationList = 836452BC2B489C74006B7298 /* Build configuration list for PBXNativeTarget "CheerifyUITests" */;
			buildPhases = (
				836452A82B489C74006B7298 /* Sources */,
				836452A92B489C74006B7298 /* Frameworks */,
				836452AA2B489C74006B7298 /* Resources */,
			);
			buildRules = (
			);
			dependencies = (
				836452AE2B489C74006B7298 /* PBXTargetDependency */,
			);
			name = CheerifyUITests;
			productName = CheerifyUITests;
			productReference = 836452AC2B489C74006B7298 /* CheerifyUITests.xctest */;
			productType = "com.apple.product-type.bundle.ui-testing";
		};
/* End PBXNativeTarget section */

/* Begin PBXProject section */
		8364528A2B489C73006B7298 /* Project object */ = {
			isa = PBXProject;
			attributes = {
				BuildIndependentTargetsInParallel = 1;
				LastSwiftUpdateCheck = 1510;
				LastUpgradeCheck = 1510;
				TargetAttributes = {
					836452912B489C73006B7298 = {
						CreatedOnToolsVersion = 15.1;
					};
					836452A12B489C74006B7298 = {
						CreatedOnToolsVersion = 15.1;
						TestTargetID = 836452912B489C73006B7298;
					};
					836452AB2B489C74006B7298 = {
						CreatedOnToolsVersion = 15.1;
						TestTargetID = 836452912B489C73006B7298;
					};
				};
			};
			buildConfigurationList = 8364528D2B489C73006B7298 /* Build configuration list for PBXProject "Cheerify" */;
			compatibilityVersion = "Xcode 14.0";
			developmentRegion = en;
			hasScannedForEncodings = 0;
			knownRegions = (
				en,
				Base,
			);
			mainGroup = 836452892B489C73006B7298;
			productRefGroup = 836452932B489C73006B7298 /* Products */;
			projectDirPath = "";
			projectRoot = "";
			targets = (
				836452912B489C73006B7298 /* Cheerify */,
				836452A12B489C74006B7298 /* CheerifyTests */,
				836452AB2B489C74006B7298 /* CheerifyUITests */,
			);
		};
/* End PBXProject section */

/* Begin PBXResourcesBuildPhase section */
		836452902B489C73006B7298 /* Resources */ = {
			isa = PBXResourcesBuildPhase;
			buildActionMask = 2147483647;
			files = (
				8364529D2B489C74006B7298 /* Preview Assets.xcassets in Resources */,
				8364529A2B489C74006B7298 /* Assets.xcassets in Resources */,
			);
			runOnlyForDeploymentPostprocessing = 0;
		};
		836452A02B489C74006B7298 /* Resources */ = {
			isa = PBXResourcesBuildPhase;
			buildActionMask = 2147483647;
			files = (
			);
			runOnlyForDeploymentPostprocessing = 0;
		};
		836452AA2B489C74006B7298 /* Resources */ = {
			isa = PBXResourcesBuildPhase;
			buildActionMask = 2147483647;
			files = (
			);
			runOnlyForDeploymentPostprocessing = 0;
		};
/* End PBXResourcesBuildPhase section */

/* Begin PBXSourcesBuildPhase section */
		8364528E2B489C73006B7298 /* Sources */ = {
			isa = PBXSourcesBuildPhase;
			buildActionMask = 2147483647;
			files = (
				836452982B489C73006B7298 /* ContentView.swift in Sources */,
				836452962B489C73006B7298 /* CheerifyApp.swift in Sources */,
			);
			runOnlyForDeploymentPostprocessing = 0;
		};
		8364529E2B489C74006B7298 /* Sources */ = {
			isa = PBXSourcesBuildPhase;
			buildActionMask = 2147483647;
			files = (
				836452A72B489C74006B7298 /* CheerifyTests.swift in Sources */,
			);
			runOnlyForDeploymentPostprocessing = 0;
		};
		836452A82B489C74006B7298 /* Sources */ = {
			isa = PBXSourcesBuildPhase;
			buildActionMask = 2147483647;
			files = (
				836452B32B489C74006B7298 /* CheerifyUITestsLaunchTests.swift in Sources */,
				836452B12B489C74006B7298 /* CheerifyUITests.swift in Sources */,
			);
			runOnlyForDeploymentPostprocessing = 0;
		};
/* End PBXSourcesBuildPhase section */

/* Begin PBXTargetDependency section */
		836452A42B489C74006B7298 /* PBXTargetDependency */ = {
			isa = PBXTargetDependency;
			target = 836452912B489C73006B7298 /* Cheerify */;
			targetProxy = 836452A32B489C74006B7298 /* PBXContainerItemProxy */;
		};
		836452AE2B489C74006B7298 /* PBXTargetDependency */ = {
			isa = PBXTargetDependency;
			target = 836452912B489C73006B7298 /* Cheerify */;
			targetProxy = 836452AD2B489C74006B7298 /* PBXContainerItemProxy */;
		};
/* End PBXTargetDependency section */

/* Begin XCBuildConfiguration section */
		836452B42B489C74006B7298 /* Debug */ = {
			isa = XCBuildConfiguration;
			buildSettings = {
				ALWAYS_SEARCH_USER_PATHS = NO;
				ASSETCATALOG_COMPILER_GENERATE_SWIFT_ASSET_SYMBOL_EXTENSIONS = YES;
				CLANG_ANALYZER_NONNULL = YES;
				CLANG_ANALYZER_NUMBER_OBJECT_CONVERSION = YES_AGGRESSIVE;
				CLANG_CXX_LANGUAGE_STANDARD = "gnu++20";
				CLANG_ENABLE_MODULES = YES;
				CLANG_ENABLE_OBJC_ARC = YES;
				CLANG_ENABLE_OBJC_WEAK = YES;
				CLANG_WARN_BLOCK_CAPTURE_AUTORELEASING = YES;
				CLANG_WARN_BOOL_CONVERSION = YES;
				CLANG_WARN_COMMA = YES;
				CLANG_WARN_CONSTANT_CONVERSION = YES;
				CLANG_WARN_DEPRECATED_OBJC_IMPLEMENTATIONS = YES;
				CLANG_WARN_DIRECT_OBJC_ISA_USAGE = YES_ERROR;
				CLANG_WARN_DOCUMENTATION_COMMENTS = YES;
				CLANG_WARN_EMPTY_BODY = YES;
				CLANG_WARN_ENUM_CONVERSION = YES;
				CLANG_WARN_INFINITE_RECURSION = YES;
				CLANG_WARN_INT_CONVERSION = YES;
				CLANG_WARN_NON_LITERAL_NULL_CONVERSION = YES;
				CLANG_WARN_OBJC_IMPLICIT_RETAIN_SELF = YES;
				CLANG_WARN_OBJC_LITERAL_CONVERSION = YES;
				CLANG_WARN_OBJC_ROOT_CLASS = YES_ERROR;
				CLANG_WARN_QUOTED_INCLUDE_IN_FRAMEWORK_HEADER = YES;
				CLANG_WARN_RANGE_LOOP_ANALYSIS = YES;
				CLANG_WARN_STRICT_PROTOTYPES = YES;
				CLANG_WARN_SUSPICIOUS_MOVE = YES;
				CLANG_WARN_UNGUARDED_AVAILABILITY = YES_AGGRESSIVE;
				CLANG_WARN_UNREACHABLE_CODE = YES;
				CLANG_WARN__DUPLICATE_METHOD_MATCH = YES;
				COPY_PHASE_STRIP = NO;
				DEBUG_INFORMATION_FORMAT = dwarf;
				ENABLE_STRICT_OBJC_MSGSEND = YES;
				ENABLE_TESTABILITY = YES;
				ENABLE_USER_SCRIPT_SANDBOXING = YES;
				GCC_C_LANGUAGE_STANDARD = gnu17;
				GCC_DYNAMIC_NO_PIC = NO;
				GCC_NO_COMMON_BLOCKS = YES;
				GCC_OPTIMIZATION_LEVEL = 0;
				GCC_PREPROCESSOR_DEFINITIONS = (
					"DEBUG=1",
					"$(inherited)",
				);
				GCC_WARN_64_TO_32_BIT_CONVERSION = YES;
				GCC_WARN_ABOUT_RETURN_TYPE = YES_ERROR;
				GCC_WARN_UNDECLARED_SELECTOR = YES;
				GCC_WARN_UNINITIALIZED_AUTOS = YES_AGGRESSIVE;
				GCC_WARN_UNUSED_FUNCTION = YES;
				GCC_WARN_UNUSED_VARIABLE = YES;
				IPHONEOS_DEPLOYMENT_TARGET = 17.2;
				LOCALIZATION_PREFERS_STRING_CATALOGS = YES;
				MTL_ENABLE_DEBUG_INFO = INCLUDE_SOURCE;
				MTL_FAST_MATH = YES;
				ONLY_ACTIVE_ARCH = YES;
				SDKROOT = iphoneos;
				SWIFT_ACTIVE_COMPILATION_CONDITIONS = "DEBUG $(inherited)";
				SWIFT_OPTIMIZATION_LEVEL = "-Onone";
			};
			name = Debug;
		};
		836452B52B489C74006B7298 /* Release */ = {
			isa = XCBuildConfiguration;
			buildSettings = {
				ALWAYS_SEARCH_USER_PATHS = NO;
				ASSETCATALOG_COMPILER_GENERATE_SWIFT_ASSET_SYMBOL_EXTENSIONS = YES;
				CLANG_ANALYZER_NONNULL = YES;
				CLANG_ANALYZER_NUMBER_OBJECT_CONVERSION = YES_AGGRESSIVE;
				CLANG_CXX_LANGUAGE_STANDARD = "gnu++20";
				CLANG_ENABLE_MODULES = YES;
				CLANG_ENABLE_OBJC_ARC = YES;
				CLANG_ENABLE_OBJC_WEAK = YES;
				CLANG_WARN_BLOCK_CAPTURE_AUTORELEASING = YES;
				CLANG_WARN_BOOL_CONVERSION = YES;
				CLANG_WARN_COMMA = YES;
				CLANG_WARN_CONSTANT_CONVERSION = YES;
				CLANG_WARN_DEPRECATED_OBJC_IMPLEMENTATIONS = YES;
				CLANG_WARN_DIRECT_OBJC_ISA_USAGE = YES_ERROR;
				CLANG_WARN_DOCUMENTATION_COMMENTS = YES;
				CLANG_WARN_EMPTY_BODY = YES;
				CLANG_WARN_ENUM_CONVERSION = YES;
				CLANG_WARN_INFINITE_RECURSION = YES;
				CLANG_WARN_INT_CONVERSION = YES;
				CLANG_WARN_NON_LITERAL_NULL_CONVERSION = YES;
				CLANG_WARN_OBJC_IMPLICIT_RETAIN_SELF = YES;
				CLANG_WARN_OBJC_LITERAL_CONVERSION = YES;
				CLANG_WARN_OBJC_ROOT_CLASS = YES_ERROR;
				CLANG_WARN_QUOTED_INCLUDE_IN_FRAMEWORK_HEADER = YES;
				CLANG_WARN_RANGE_LOOP_ANALYSIS = YES;
				CLANG_WARN_STRICT_PROTOTYPES = YES;
				CLANG_WARN_SUSPICIOUS_MOVE = YES;
				CLANG_WARN_UNGUARDED_AVAILABILITY = YES_AGGRESSIVE;
				CLANG_WARN_UNREACHABLE_CODE = YES;
				CLANG_WARN__DUPLICATE_METHOD_MATCH = YES;
				COPY_PHASE_STRIP = NO;
				DEBUG_INFORMATION_FORMAT = "dwarf-with-dsym";
				ENABLE_NS_ASSERTIONS = NO;
				ENABLE_STRICT_OBJC_MSGSEND = YES;
				ENABLE_USER_SCRIPT_SANDBOXING = YES;
				GCC_C_LANGUAGE_STANDARD = gnu17;
				GCC_NO_COMMON_BLOCKS = YES;
				GCC_WARN_64_TO_32_BIT_CONVERSION = YES;
				GCC_WARN_ABOUT_RETURN_TYPE = YES_ERROR;
				GCC_WARN_UNDECLARED_SELECTOR = YES;
				GCC_WARN_UNINITIALIZED_AUTOS = YES_AGGRESSIVE;
				GCC_WARN_UNUSED_FUNCTION = YES;
				GCC_WARN_UNUSED_VARIABLE = YES;
				IPHONEOS_DEPLOYMENT_TARGET = 17.2;
				LOCALIZATION_PREFERS_STRING_CATALOGS = YES;
				MTL_ENABLE_DEBUG_INFO = NO;
				MTL_FAST_MATH = YES;
				SDKROOT = iphoneos;
				SWIFT_COMPILATION_MODE = wholemodule;
				VALIDATE_PRODUCT = YES;
			};
			name = Release;
		};
		836452B72B489C74006B7298 /* Debug */ = {
			isa = XCBuildConfiguration;
			buildSettings = {
				ASSETCATALOG_COMPILER_APPICON_NAME = AppIcon;
				ASSETCATALOG_COMPILER_GLOBAL_ACCENT_COLOR_NAME = AccentColor;
				CODE_SIGN_STYLE = Automatic;
				CURRENT_PROJECT_VERSION = 1;
				DEVELOPMENT_ASSET_PATHS = "\"Cheerify/Preview Content\"";
				ENABLE_PREVIEWS = YES;
				GENERATE_INFOPLIST_FILE = YES;
				INFOPLIST_KEY_UIApplicationSceneManifest_Generation = YES;
				INFOPLIST_KEY_UIApplicationSupportsIndirectInputEvents = YES;
				INFOPLIST_KEY_UILaunchScreen_Generation = YES;
				INFOPLIST_KEY_UISupportedInterfaceOrientations_iPad = "UIInterfaceOrientationPortrait UIInterfaceOrientationPortraitUpsideDown UIInterfaceOrientationLandscapeLeft UIInterfaceOrientationLandscapeRight";
				INFOPLIST_KEY_UISupportedInterfaceOrientations_iPhone = "UIInterfaceOrientationPortrait UIInterfaceOrientationLandscapeLeft UIInterfaceOrientationLandscapeRight";
				LD_RUNPATH_SEARCH_PATHS = (
					"$(inherited)",
					"@executable_path/Frameworks",
				);
				MARKETING_VERSION = 1.0;
				PRODUCT_BUNDLE_IDENTIFIER = chew.Cheerify;
				PRODUCT_NAME = "$(TARGET_NAME)";
				SWIFT_EMIT_LOC_STRINGS = YES;
				SWIFT_VERSION = 5.0;
				TARGETED_DEVICE_FAMILY = "1,2";
			};
			name = Debug;
		};
		836452B82B489C74006B7298 /* Release */ = {
			isa = XCBuildConfiguration;
			buildSettings = {
				ASSETCATALOG_COMPILER_APPICON_NAME = AppIcon;
				ASSETCATALOG_COMPILER_GLOBAL_ACCENT_COLOR_NAME = AccentColor;
				CODE_SIGN_STYLE = Automatic;
				CURRENT_PROJECT_VERSION = 1;
				DEVELOPMENT_ASSET_PATHS = "\"Cheerify/Preview Content\"";
				ENABLE_PREVIEWS = YES;
				GENERATE_INFOPLIST_FILE = YES;
				INFOPLIST_KEY_UIApplicationSceneManifest_Generation = YES;
				INFOPLIST_KEY_UIApplicationSupportsIndirectInputEvents = YES;
				INFOPLIST_KEY_UILaunchScreen_Generation = YES;
				INFOPLIST_KEY_UISupportedInterfaceOrientations_iPad = "UIInterfaceOrientationPortrait UIInterfaceOrientationPortraitUpsideDown UIInterfaceOrientationLandscapeLeft UIInterfaceOrientationLandscapeRight";
				INFOPLIST_KEY_UISupportedInterfaceOrientations_iPhone = "UIInterfaceOrientationPortrait UIInterfaceOrientationLandscapeLeft UIInterfaceOrientationLandscapeRight";
				LD_RUNPATH_SEARCH_PATHS = (
					"$(inherited)",
					"@executable_path/Frameworks",
				);
				MARKETING_VERSION = 1.0;
				PRODUCT_BUNDLE_IDENTIFIER = chew.Cheerify;
				PRODUCT_NAME = "$(TARGET_NAME)";
				SWIFT_EMIT_LOC_STRINGS = YES;
				SWIFT_VERSION = 5.0;
				TARGETED_DEVICE_FAMILY = "1,2";
			};
			name = Release;
		};
		836452BA2B489C74006B7298 /* Debug */ = {
			isa = XCBuildConfiguration;
			buildSettings = {
				ALWAYS_EMBED_SWIFT_STANDARD_LIBRARIES = YES;
				BUNDLE_LOADER = "$(TEST_HOST)";
				CODE_SIGN_STYLE = Automatic;
				CURRENT_PROJECT_VERSION = 1;
				GENERATE_INFOPLIST_FILE = YES;
				IPHONEOS_DEPLOYMENT_TARGET = 17.2;
				MARKETING_VERSION = 1.0;
				PRODUCT_BUNDLE_IDENTIFIER = chew.CheerifyTests;
				PRODUCT_NAME = "$(TARGET_NAME)";
				SWIFT_EMIT_LOC_STRINGS = NO;
				SWIFT_VERSION = 5.0;
				TARGETED_DEVICE_FAMILY = "1,2";
				TEST_HOST = "$(BUILT_PRODUCTS_DIR)/Cheerify.app/$(BUNDLE_EXECUTABLE_FOLDER_PATH)/Cheerify";
			};
			name = Debug;
		};
		836452BB2B489C74006B7298 /* Release */ = {
			isa = XCBuildConfiguration;
			buildSettings = {
				ALWAYS_EMBED_SWIFT_STANDARD_LIBRARIES = YES;
				BUNDLE_LOADER = "$(TEST_HOST)";
				CODE_SIGN_STYLE = Automatic;
				CURRENT_PROJECT_VERSION = 1;
				GENERATE_INFOPLIST_FILE = YES;
				IPHONEOS_DEPLOYMENT_TARGET = 17.2;
				MARKETING_VERSION = 1.0;
				PRODUCT_BUNDLE_IDENTIFIER = chew.CheerifyTests;
				PRODUCT_NAME = "$(TARGET_NAME)";
				SWIFT_EMIT_LOC_STRINGS = NO;
				SWIFT_VERSION = 5.0;
				TARGETED_DEVICE_FAMILY = "1,2";
				TEST_HOST = "$(BUILT_PRODUCTS_DIR)/Cheerify.app/$(BUNDLE_EXECUTABLE_FOLDER_PATH)/Cheerify";
			};
			name = Release;
		};
		836452BD2B489C74006B7298 /* Debug */ = {
			isa = XCBuildConfiguration;
			buildSettings = {
				ALWAYS_EMBED_SWIFT_STANDARD_LIBRARIES = YES;
				CODE_SIGN_STYLE = Automatic;
				CURRENT_PROJECT_VERSION = 1;
				GENERATE_INFOPLIST_FILE = YES;
				MARKETING_VERSION = 1.0;
				PRODUCT_BUNDLE_IDENTIFIER = chew.CheerifyUITests;
				PRODUCT_NAME = "$(TARGET_NAME)";
				SWIFT_EMIT_LOC_STRINGS = NO;
				SWIFT_VERSION = 5.0;
				TARGETED_DEVICE_FAMILY = "1,2";
				TEST_TARGET_NAME = Cheerify;
			};
			name = Debug;
		};
		836452BE2B489C74006B7298 /* Release */ = {
			isa = XCBuildConfiguration;
			buildSettings = {
				ALWAYS_EMBED_SWIFT_STANDARD_LIBRARIES = YES;
				CODE_SIGN_STYLE = Automatic;
				CURRENT_PROJECT_VERSION = 1;
				GENERATE_INFOPLIST_FILE = YES;
				MARKETING_VERSION = 1.0;
				PRODUCT_BUNDLE_IDENTIFIER = chew.CheerifyUITests;
				PRODUCT_NAME = "$(TARGET_NAME)";
				SWIFT_EMIT_LOC_STRINGS = NO;
				SWIFT_VERSION = 5.0;
				TARGETED_DEVICE_FAMILY = "1,2";
				TEST_TARGET_NAME = Cheerify;
			};
			name = Release;
		};
/* End XCBuildConfiguration section */

/* Begin XCConfigurationList section */
		8364528D2B489C73006B7298 /* Build configuration list for PBXProject "Cheerify" */ = {
			isa = XCConfigurationList;
			buildConfigurations = (
				836452B42B489C74006B7298 /* Debug */,
				836452B52B489C74006B7298 /* Release */,
			);
			defaultConfigurationIsVisible = 0;
			defaultConfigurationName = Release;
		};
		836452B62B489C74006B7298 /* Build configuration list for PBXNativeTarget "Cheerify" */ = {
			isa = XCConfigurationList;
			buildConfigurations = (
				836452B72B489C74006B7298 /* Debug */,
				836452B82B489C74006B7298 /* Release */,
			);
			defaultConfigurationIsVisible = 0;
			defaultConfigurationName = Release;
		};
		836452B92B489C74006B7298 /* Build configuration list for PBXNativeTarget "CheerifyTests" */ = {
			isa = XCConfigurationList;
			buildConfigurations = (
				836452BA2B489C74006B7298 /* Debug */,
				836452BB2B489C74006B7298 /* Release */,
			);
			defaultConfigurationIsVisible = 0;
			defaultConfigurationName = Release;
		};
		836452BC2B489C74006B7298 /* Build configuration list for PBXNativeTarget "CheerifyUITests" */ = {
			isa = XCConfigurationList;
			buildConfigurations = (
				836452BD2B489C74006B7298 /* Debug */,
				836452BE2B489C74006B7298 /* Release */,
			);
			defaultConfigurationIsVisible = 0;
			defaultConfigurationName = Release;
		};
/* End XCConfigurationList section */
	};
	rootObject = 8364528A2B489C73006B7298 /* Project object */;
}
